<?xml version="1.0" encoding="utf-8"?>
<Project ToolsVersion="14.0" xmlns="http://schemas.microsoft.com/developer/msbuild/2003">
  <ItemGroup>
    <ClInclude Include="..\..\bullet3-2.85.1\src\BulletDynamics\Character\btCharacterControllerInterface.h" />
    <ClInclude Include="..\..\bullet3-2.85.1\src\BulletDynamics\Character\btKinematicCharacterController.h" />
    <ClInclude Include="..\..\bullet3-2.85.1\src\BulletDynamics\ConstraintSolver\btConeTwistConstraint.h" />
    <ClInclude Include="..\..\bullet3-2.85.1\src\BulletDynamics\ConstraintSolver\btConstraintSolver.h" />
    <ClInclude Include="..\..\bullet3-2.85.1\src\BulletDynamics\ConstraintSolver\btContactConstraint.h" />
    <ClInclude Include="..\..\bullet3-2.85.1\src\BulletDynamics\ConstraintSolver\btContactSolverInfo.h" />
    <ClInclude Include="..\..\bullet3-2.85.1\src\BulletDynamics\ConstraintSolver\btFixedConstraint.h" />
    <ClInclude Include="..\..\bullet3-2.85.1\src\BulletDynamics\ConstraintSolver\btGearConstraint.h" />
    <ClInclude Include="..\..\bullet3-2.85.1\src\BulletDynamics\ConstraintSolver\btGeneric6DofConstraint.h" />
    <ClInclude Include="..\..\bullet3-2.85.1\src\BulletDynamics\ConstraintSolver\btGeneric6DofSpring2Constraint.h" />
    <ClInclude Include="..\..\bullet3-2.85.1\src\BulletDynamics\ConstraintSolver\btGeneric6DofSpringConstraint.h" />
    <ClInclude Include="..\..\bullet3-2.85.1\src\BulletDynamics\ConstraintSolver\btHinge2Constraint.h" />
    <ClInclude Include="..\..\bullet3-2.85.1\src\BulletDynamics\ConstraintSolver\btHingeConstraint.h" />
    <ClInclude Include="..\..\bullet3-2.85.1\src\BulletDynamics\ConstraintSolver\btJacobianEntry.h" />
    <ClInclude Include="..\..\bullet3-2.85.1\src\BulletDynamics\ConstraintSolver\btNNCGConstraintSolver.h" />
    <ClInclude Include="..\..\bullet3-2.85.1\src\BulletDynamics\ConstraintSolver\btPoint2PointConstraint.h" />
    <ClInclude Include="..\..\bullet3-2.85.1\src\BulletDynamics\ConstraintSolver\btSequentialImpulseConstraintSolver.h" />
    <ClInclude Include="..\..\bullet3-2.85.1\src\BulletDynamics\ConstraintSolver\btSliderConstraint.h" />
    <ClInclude Include="..\..\bullet3-2.85.1\src\BulletDynamics\ConstraintSolver\btSolve2LinearConstraint.h" />
    <ClInclude Include="..\..\bullet3-2.85.1\src\BulletDynamics\ConstraintSolver\btSolverBody.h" />
    <ClInclude Include="..\..\bullet3-2.85.1\src\BulletDynamics\ConstraintSolver\btSolverConstraint.h" />
    <ClInclude Include="..\..\bullet3-2.85.1\src\BulletDynamics\ConstraintSolver\btTypedConstraint.h" />
    <ClInclude Include="..\..\bullet3-2.85.1\src\BulletDynamics\ConstraintSolver\btUniversalConstraint.h" />
    <ClInclude Include="..\..\bullet3-2.85.1\src\BulletDynamics\Dynamics\btActionInterface.h" />
    <ClInclude Include="..\..\bullet3-2.85.1\src\BulletDynamics\Dynamics\btDiscreteDynamicsWorld.h" />
    <ClInclude Include="..\..\bullet3-2.85.1\src\BulletDynamics\Dynamics\btDynamicsWorld.h" />
    <ClInclude Include="..\..\bullet3-2.85.1\src\BulletDynamics\Dynamics\btRigidBody.h" />
    <ClInclude Include="..\..\bullet3-2.85.1\src\BulletDynamics\Dynamics\btSimpleDynamicsWorld.h" />
    <ClInclude Include="..\..\bullet3-2.85.1\src\BulletDynamics\Featherstone\btMultiBody.h" />
    <ClInclude Include="..\..\bullet3-2.85.1\src\BulletDynamics\Featherstone\btMultiBodyConstraint.h" />
    <ClInclude Include="..\..\bullet3-2.85.1\src\BulletDynamics\Featherstone\btMultiBodyConstraintSolver.h" />
    <ClInclude Include="..\..\bullet3-2.85.1\src\BulletDynamics\Featherstone\btMultiBodyDynamicsWorld.h" />
    <ClInclude Include="..\..\bullet3-2.85.1\src\BulletDynamics\Featherstone\btMultiBodyFixedConstraint.h" />
    <ClInclude Include="..\..\bullet3-2.85.1\src\BulletDynamics\Featherstone\btMultiBodyJointFeedback.h" />
    <ClInclude Include="..\..\bullet3-2.85.1\src\BulletDynamics\Featherstone\btMultiBodyJointLimitConstraint.h" />
    <ClInclude Include="..\..\bullet3-2.85.1\src\BulletDynamics\Featherstone\btMultiBodyJointMotor.h" />
    <ClInclude Include="..\..\bullet3-2.85.1\src\BulletDynamics\Featherstone\btMultiBodyLink.h" />
    <ClInclude Include="..\..\bullet3-2.85.1\src\BulletDynamics\Featherstone\btMultiBodyLinkCollider.h" />
    <ClInclude Include="..\..\bullet3-2.85.1\src\BulletDynamics\Featherstone\btMultiBodyPoint2Point.h" />
    <ClInclude Include="..\..\bullet3-2.85.1\src\BulletDynamics\Featherstone\btMultiBodySliderConstraint.h" />
    <ClInclude Include="..\..\bullet3-2.85.1\src\BulletDynamics\Featherstone\btMultiBodySolverConstraint.h" />
    <ClInclude Include="..\..\bullet3-2.85.1\src\BulletDynamics\MLCPSolvers\btDantzigLCP.h" />
    <ClInclude Include="..\..\bullet3-2.85.1\src\BulletDynamics\MLCPSolvers\btDantzigSolver.h" />
    <ClInclude Include="..\..\bullet3-2.85.1\src\BulletDynamics\MLCPSolvers\btLemkeAlgorithm.h" />
    <ClInclude Include="..\..\bullet3-2.85.1\src\BulletDynamics\MLCPSolvers\btLemkeSolver.h" />
    <ClInclude Include="..\..\bullet3-2.85.1\src\BulletDynamics\MLCPSolvers\btMLCPSolver.h" />
    <ClInclude Include="..\..\bullet3-2.85.1\src\BulletDynamics\MLCPSolvers\btMLCPSolverInterface.h" />
    <ClInclude Include="..\..\bullet3-2.85.1\src\BulletDynamics\MLCPSolvers\btPATHSolver.h" />
    <ClInclude Include="..\..\bullet3-2.85.1\src\BulletDynamics\MLCPSolvers\btSolveProjectedGaussSeidel.h" />
    <ClInclude Include="..\..\bullet3-2.85.1\src\BulletDynamics\Vehicle\btRaycastVehicle.h" />
    <ClInclude Include="..\..\bullet3-2.85.1\src\BulletDynamics\Vehicle\btVehicleRaycaster.h" />
    <ClInclude Include="..\..\bullet3-2.85.1\src\BulletDynamics\Vehicle\btWheelInfo.h" />
  </ItemGroup>
  <ItemGroup>
    <ClCompile Include="..\..\bullet3-2.85.1\src\BulletDynamics\Character\btKinematicCharacterController.cpp" />
    <ClCompile Include="..\..\bullet3-2.85.1\src\BulletDynamics\ConstraintSolver\btConeTwistConstraint.cpp" />
    <ClCompile Include="..\..\bullet3-2.85.1\src\BulletDynamics\ConstraintSolver\btContactConstraint.cpp" />
    <ClCompile Include="..\..\bullet3-2.85.1\src\BulletDynamics\ConstraintSolver\btFixedConstraint.cpp" />
    <ClCompile Include="..\..\bullet3-2.85.1\src\BulletDynamics\ConstraintSolver\btGearConstraint.cpp" />
    <ClCompile Include="..\..\bullet3-2.85.1\src\BulletDynamics\ConstraintSolver\btGeneric6DofConstraint.cpp" />
    <ClCompile Include="..\..\bullet3-2.85.1\src\BulletDynamics\ConstraintSolver\btGeneric6DofSpring2Constraint.cpp" />
    <ClCompile Include="..\..\bullet3-2.85.1\src\BulletDynamics\ConstraintSolver\btGeneric6DofSpringConstraint.cpp" />
    <ClCompile Include="..\..\bullet3-2.85.1\src\BulletDynamics\ConstraintSolver\btHinge2Constraint.cpp" />
    <ClCompile Include="..\..\bullet3-2.85.1\src\BulletDynamics\ConstraintSolver\btHingeConstraint.cpp" />
    <ClCompile Include="..\..\bullet3-2.85.1\src\BulletDynamics\ConstraintSolver\btNNCGConstraintSolver.cpp" />
    <ClCompile Include="..\..\bullet3-2.85.1\src\BulletDynamics\ConstraintSolver\btPoint2PointConstraint.cpp" />
    <ClCompile Include="..\..\bullet3-2.85.1\src\BulletDynamics\ConstraintSolver\btSequentialImpulseConstraintSolver.cpp" />
    <ClCompile Include="..\..\bullet3-2.85.1\src\BulletDynamics\ConstraintSolver\btSliderConstraint.cpp" />
    <ClCompile Include="..\..\bullet3-2.85.1\src\BulletDynamics\ConstraintSolver\btSolve2LinearConstraint.cpp" />
    <ClCompile Include="..\..\bullet3-2.85.1\src\BulletDynamics\ConstraintSolver\btTypedConstraint.cpp" />
    <ClCompile Include="..\..\bullet3-2.85.1\src\BulletDynamics\ConstraintSolver\btUniversalConstraint.cpp" />
    <ClCompile Include="..\..\bullet3-2.85.1\src\BulletDynamics\Dynamics\btDiscreteDynamicsWorld.cpp" />
    <ClCompile Include="..\..\bullet3-2.85.1\src\BulletDynamics\Dynamics\btRigidBody.cpp" />
    <ClCompile Include="..\..\bullet3-2.85.1\src\BulletDynamics\Dynamics\btSimpleDynamicsWorld.cpp" />
    <ClCompile Include="..\..\bullet3-2.85.1\src\BulletDynamics\Featherstone\btMultiBody.cpp" />
    <ClCompile Include="..\..\bullet3-2.85.1\src\BulletDynamics\Featherstone\btMultiBodyConstraint.cpp" />
    <ClCompile Include="..\..\bullet3-2.85.1\src\BulletDynamics\Featherstone\btMultiBodyConstraintSolver.cpp" />
    <ClCompile Include="..\..\bullet3-2.85.1\src\BulletDynamics\Featherstone\btMultiBodyDynamicsWorld.cpp" />
    <ClCompile Include="..\..\bullet3-2.85.1\src\BulletDynamics\Featherstone\btMultiBodyFixedConstraint.cpp" />
    <ClCompile Include="..\..\bullet3-2.85.1\src\BulletDynamics\Featherstone\btMultiBodyJointLimitConstraint.cpp" />
    <ClCompile Include="..\..\bullet3-2.85.1\src\BulletDynamics\Featherstone\btMultiBodyJointMotor.cpp" />
    <ClCompile Include="..\..\bullet3-2.85.1\src\BulletDynamics\Featherstone\btMultiBodyPoint2Point.cpp" />
    <ClCompile Include="..\..\bullet3-2.85.1\src\BulletDynamics\Featherstone\btMultiBodySliderConstraint.cpp" />
    <ClCompile Include="..\..\bullet3-2.85.1\src\BulletDynamics\MLCPSolvers\btDantzigLCP.cpp" />
    <ClCompile Include="..\..\bullet3-2.85.1\src\BulletDynamics\MLCPSolvers\btLemkeAlgorithm.cpp" />
    <ClCompile Include="..\..\bullet3-2.85.1\src\BulletDynamics\MLCPSolvers\btMLCPSolver.cpp" />
    <ClCompile Include="..\..\bullet3-2.85.1\src\BulletDynamics\Vehicle\btRaycastVehicle.cpp" />
    <ClCompile Include="..\..\bullet3-2.85.1\src\BulletDynamics\Vehicle\btWheelInfo.cpp" />
  </ItemGroup>
</Project>