<?xml version="1.0" encoding="UTF-8"?>
<Project ToolsVersion="14.0" xmlns="http://schemas.microsoft.com/developer/msbuild/2003">
  <ItemGroup>
    <CustomBuild Include="C:\Users\Sebastian Lundgren\Documents\bulletTest\CMakeFiles\a13b7da9b891faac33cb914a0e1985ee\INSTALL_force.rule">
      <Filter>CMake Rules</Filter>
    </CustomBuild>
  </ItemGroup>
  <ItemGroup>
    <Filter Include="CMake Rules">
      <UniqueIdentifier>{716287F2-5FEC-345E-9804-78EDE04BD258}</UniqueIdentifier>
    </Filter>
  </ItemGroup>
</Project>
