<?xml version="1.0" encoding="utf-8"?>
<Project ToolsVersion="4.0" xmlns="http://schemas.microsoft.com/developer/msbuild/2003">
  <ItemGroup>
    <Filter Include="Source Files">
      <UniqueIdentifier>{4FC737F1-C7A5-4376-A066-2A32D752A2FF}</UniqueIdentifier>
      <Extensions>cpp;c;cc;cxx;def;odl;idl;hpj;bat;asm;asmx</Extensions>
    </Filter>
    <Filter Include="Header Files">
      <UniqueIdentifier>{93995380-89BD-4b04-88EB-625FBE52EBFB}</UniqueIdentifier>
      <Extensions>h;hh;hpp;hxx;hm;inl;inc;xsd</Extensions>
    </Filter>
    <Filter Include="Resource Files">
      <UniqueIdentifier>{67DA6AB6-F800-4c08-8B7A-83BB121AAD01}</UniqueIdentifier>
      <Extensions>rc;ico;cur;bmp;dlg;rc2;rct;bin;rgs;gif;jpg;jpeg;jpe;resx;tiff;tif;png;wav;mfcribbon-ms</Extensions>
    </Filter>
    <Filter Include="Header Files\Network">
      <UniqueIdentifier>{028ac7cb-a548-410e-9d0c-d619364d2c8a}</UniqueIdentifier>
    </Filter>
    <Filter Include="Source Files\Netweork">
      <UniqueIdentifier>{672d17e4-d21a-438e-ab81-23bb45495266}</UniqueIdentifier>
    </Filter>
  </ItemGroup>
  <ItemGroup>
    <ClInclude Include="ClientNetwork.h">
      <Filter>Header Files\Network</Filter>
    </ClInclude>
    <ClInclude Include="NetworkData.h">
      <Filter>Header Files\Network</Filter>
    </ClInclude>
    <ClInclude Include="NetworkService.h">
      <Filter>Header Files\Network</Filter>
    </ClInclude>
  </ItemGroup>
  <ItemGroup>
    <ClCompile Include="ClientNetwork.cpp">
      <Filter>Source Files\Netweork</Filter>
    </ClCompile>
    <ClCompile Include="NetworkService.cpp">
      <Filter>Source Files\Netweork</Filter>
    </ClCompile>
  </ItemGroup>
</Project>