<?xml version="1.0" encoding="utf-8"?>
<Project ToolsVersion="4.0" xmlns="http://schemas.microsoft.com/developer/msbuild/2003">
  <ItemGroup>
    <Filter Include="Source Files">
      <UniqueIdentifier>{4FC737F1-C7A5-4376-A066-2A32D752A2FF}</UniqueIdentifier>
      <Extensions>cpp;c;cc;cxx;def;odl;idl;hpj;bat;asm;asmx</Extensions>
    </Filter>
    <Filter Include="Header Files">
      <UniqueIdentifier>{93995380-89BD-4b04-88EB-625FBE52EBFB}</UniqueIdentifier>
      <Extensions>h;hh;hpp;hxx;hm;inl;inc;xsd</Extensions>
    </Filter>
    <Filter Include="Resource Files">
      <UniqueIdentifier>{67DA6AB6-F800-4c08-8B7A-83BB121AAD01}</UniqueIdentifier>
      <Extensions>rc;ico;cur;bmp;dlg;rc2;rct;bin;rgs;gif;jpg;jpeg;jpe;resx;tiff;tif;png;wav;mfcribbon-ms</Extensions>
    </Filter>
    <Filter Include="Header Files\UIHandler">
      <UniqueIdentifier>{651d093a-eb21-4d0d-8d9d-1e17162b5866}</UniqueIdentifier>
    </Filter>
    <Filter Include="Source Files\UIHandler">
      <UniqueIdentifier>{1ed5cf78-779b-480e-8f8b-142400b66aba}</UniqueIdentifier>
    </Filter>
    <Filter Include="Header Files\Animations">
      <UniqueIdentifier>{8e11fd77-89ee-4e17-ae2d-7d3b5733aab5}</UniqueIdentifier>
    </Filter>
    <Filter Include="Source Files\Animations">
      <UniqueIdentifier>{f6b8cfc2-0876-46f8-a24e-ac9cac0f89e1}</UniqueIdentifier>
    </Filter>
    <Filter Include="Header Files\Shaders">
      <UniqueIdentifier>{d33720ea-130b-4be9-aa07-412b941cc4b5}</UniqueIdentifier>
    </Filter>
    <Filter Include="Source Files\Shaders">
      <UniqueIdentifier>{eb269100-a0f1-43e1-b661-c735bf31ba23}</UniqueIdentifier>
    </Filter>
    <Filter Include="Resource Files\Shaders">
      <UniqueIdentifier>{eb2e0e90-c546-4723-9930-bb78aa124401}</UniqueIdentifier>
    </Filter>
    <Filter Include="Resource Files\Shaders\Debug">
      <UniqueIdentifier>{a9196974-2858-4441-9827-56d204f2654f}</UniqueIdentifier>
    </Filter>
    <Filter Include="Resource Files\Shaders\GBuffer">
      <UniqueIdentifier>{b063cc87-b299-4d9f-a34a-93555311940b}</UniqueIdentifier>
    </Filter>
    <Filter Include="Resource Files\Shaders\PBR">
      <UniqueIdentifier>{1777514c-8ced-4945-a8c0-89a25e6bd70d}</UniqueIdentifier>
    </Filter>
    <Filter Include="Resource Files\Shaders\PostProcess">
      <UniqueIdentifier>{34e19be3-a22d-4bb6-955f-57d497d13932}</UniqueIdentifier>
    </Filter>
    <Filter Include="Resource Files\Shaders\Shadow">
      <UniqueIdentifier>{66f898a9-6d09-4788-bb59-681f4b1d6881}</UniqueIdentifier>
    </Filter>
  </ItemGroup>
  <ItemGroup>
    <ClInclude Include="GraphicsHandler.h">
      <Filter>Header Files</Filter>
    </ClInclude>
    <ClInclude Include="Direct3DHandler.h">
      <Filter>Header Files</Filter>
    </ClInclude>
    <ClInclude Include="ScreenQuad.h">
      <Filter>Header Files</Filter>
    </ClInclude>
    <ClInclude Include="GraphicsComponent.h">
      <Filter>Header Files</Filter>
    </ClInclude>
    <ClInclude Include="ConstantBufferHandler.h">
      <Filter>Header Files</Filter>
    </ClInclude>
    <ClInclude Include="DebugRenderer.h">
      <Filter>Header Files</Filter>
    </ClInclude>
    <ClInclude Include="Camera.h">
      <Filter>Header Files</Filter>
    </ClInclude>
    <ClInclude Include="ShaderLib.h">
      <Filter>Header Files\Shaders</Filter>
    </ClInclude>
    <ClInclude Include="ShaderControl.h">
      <Filter>Header Files\Shaders</Filter>
    </ClInclude>
    <ClInclude Include="Shader.h">
      <Filter>Header Files\Shaders</Filter>
    </ClInclude>
    <ClInclude Include="PostProcessShader.h">
      <Filter>Header Files\Shaders</Filter>
    </ClInclude>
    <ClInclude Include="FinalShader.h">
      <Filter>Header Files\Shaders</Filter>
    </ClInclude>
    <ClInclude Include="DeferredShader.h">
      <Filter>Header Files\Shaders</Filter>
    </ClInclude>
    <ClInclude Include="AnimationHandler.h">
      <Filter>Header Files\Animations</Filter>
    </ClInclude>
    <ClInclude Include="stdafx.h">
      <Filter>Header Files</Filter>
    </ClInclude>
    <ClInclude Include="targetver.h">
      <Filter>Header Files</Filter>
    </ClInclude>
    <ClInclude Include="AnimationStateEnums.h">
      <Filter>Header Files\Animations</Filter>
    </ClInclude>
    <ClInclude Include="UIHandler.h">
      <Filter>Header Files\UIHandler</Filter>
    </ClInclude>
    <ClInclude Include="LightShader.h">
      <Filter>Header Files\Shaders</Filter>
    </ClInclude>
    <ClInclude Include="LightHandler.h">
      <Filter>Header Files</Filter>
    </ClInclude>
    <ClInclude Include="LightStructs.h">
      <Filter>Header Files</Filter>
    </ClInclude>
  </ItemGroup>
  <ItemGroup>
    <ClCompile Include="GraphicsHandler.cpp">
      <Filter>Source Files</Filter>
    </ClCompile>
    <ClCompile Include="Direct3DHandler.cpp">
      <Filter>Source Files</Filter>
    </ClCompile>
    <ClCompile Include="ScreenQuad.cpp">
      <Filter>Source Files</Filter>
    </ClCompile>
    <ClCompile Include="ConstantBufferHandler.cpp">
      <Filter>Source Files</Filter>
    </ClCompile>
    <ClCompile Include="DebugRenderer.cpp">
      <Filter>Source Files</Filter>
    </ClCompile>
    <ClCompile Include="Camera.cpp">
      <Filter>Source Files</Filter>
    </ClCompile>
    <ClCompile Include="ShaderControl.cpp">
      <Filter>Source Files\Shaders</Filter>
    </ClCompile>
    <ClCompile Include="Shader.cpp">
      <Filter>Source Files\Shaders</Filter>
    </ClCompile>
    <ClCompile Include="PostProcessShader.cpp">
      <Filter>Source Files\Shaders</Filter>
    </ClCompile>
    <ClCompile Include="FinalShader.cpp">
      <Filter>Source Files\Shaders</Filter>
    </ClCompile>
    <ClCompile Include="DeferredShader.cpp">
      <Filter>Source Files\Shaders</Filter>
    </ClCompile>
    <ClCompile Include="AnimationHandler.cpp">
      <Filter>Source Files\Animations</Filter>
    </ClCompile>
    <ClCompile Include="UIHandler.cpp">
      <Filter>Source Files\UIHandler</Filter>
    </ClCompile>
    <ClCompile Include="LightHandler.cpp">
      <Filter>Source Files</Filter>
    </ClCompile>
  </ItemGroup>
  <ItemGroup>
    <None Include="packages.config" />
  </ItemGroup>
  <ItemGroup>
    <FxCompile Include="..\Assets\Shaders\Debug\DebugPS.hlsl">
      <Filter>Resource Files\Shaders\Debug</Filter>
    </FxCompile>
    <FxCompile Include="..\Assets\Shaders\Debug\DebugVS.hlsl">
      <Filter>Resource Files\Shaders\Debug</Filter>
    </FxCompile>
    <FxCompile Include="..\Assets\Shaders\GBuffer\AnimVS.hlsl">
      <Filter>Resource Files\Shaders\GBuffer</Filter>
    </FxCompile>
    <FxCompile Include="..\Assets\Shaders\GBuffer\GBuffer.hlsl">
      <Filter>Resource Files\Shaders\GBuffer</Filter>
    </FxCompile>
    <FxCompile Include="..\Assets\Shaders\GBuffer\GBufferVS.hlsl">
      <Filter>Resource Files\Shaders\GBuffer</Filter>
    </FxCompile>
    <FxCompile Include="..\Assets\Shaders\GBuffer\GBufferVS_Instanced.hlsl">
      <Filter>Resource Files\Shaders\GBuffer</Filter>
    </FxCompile>
    <FxCompile Include="..\Assets\Shaders\GBuffer\GridPS.hlsl">
      <Filter>Resource Files\Shaders\GBuffer</Filter>
    </FxCompile>
    <FxCompile Include="..\Assets\Shaders\Shadow\ShadowShader.hlsl">
      <Filter>Resource Files\Shaders\Shadow</Filter>
    </FxCompile>
    <FxCompile Include="..\Assets\Shaders\Shadow\ShadowShader_Animation.hlsl">
      <Filter>Resource Files\Shaders\Shadow</Filter>
    </FxCompile>
    <FxCompile Include="..\Assets\Shaders\Shadow\ShadowShader_Instanced.hlsl">
      <Filter>Resource Files\Shaders\Shadow</Filter>
    </FxCompile>
    <FxCompile Include="..\Assets\Shaders\PostProcess\RayTrace_BoundingBox.hlsl">
      <Filter>Resource Files\Shaders\PostProcess</Filter>
    </FxCompile>
    <FxCompile Include="..\Assets\Shaders\PBR\PbrLightPass.hlsl">
      <Filter>Resource Files\Shaders\PBR</Filter>
    </FxCompile>
    <FxCompile Include="..\Assets\Shaders\PBR\PbrLightVS.hlsl">
      <Filter>Resource Files\Shaders\PBR</Filter>
    </FxCompile>
    <FxCompile Include="..\Assets\Shaders\PostProcess\FXAA.hlsl">
      <Filter>Resource Files\Shaders\PostProcess</Filter>
    </FxCompile>
  </ItemGroup>
</Project>