<?xml version="1.0" encoding="utf-8"?>
<Project ToolsVersion="4.0" xmlns="http://schemas.microsoft.com/developer/msbuild/2003">
  <ItemGroup>
    <Filter Include="Source Files">
      <UniqueIdentifier>{4FC737F1-C7A5-4376-A066-2A32D752A2FF}</UniqueIdentifier>
      <Extensions>cpp;c;cc;cxx;def;odl;idl;hpj;bat;asm;asmx</Extensions>
    </Filter>
    <Filter Include="Header Files">
      <UniqueIdentifier>{93995380-89BD-4b04-88EB-625FBE52EBFB}</UniqueIdentifier>
      <Extensions>h;hh;hpp;hxx;hm;inl;inc;xsd</Extensions>
    </Filter>
    <Filter Include="Resource Files">
      <UniqueIdentifier>{67DA6AB6-F800-4c08-8B7A-83BB121AAD01}</UniqueIdentifier>
      <Extensions>rc;ico;cur;bmp;dlg;rc2;rct;bin;rgs;gif;jpg;jpeg;jpe;resx;tiff;tif;png;wav;mfcribbon-ms</Extensions>
    </Filter>
    <Filter Include="Resource Files\Shaders">
      <UniqueIdentifier>{7118aa5f-6603-4080-b226-1f3c853fd205}</UniqueIdentifier>
    </Filter>
    <Filter Include="Resource Files\Shaders\PBR">
      <UniqueIdentifier>{084e614c-40d4-4846-a579-648dc3e44203}</UniqueIdentifier>
    </Filter>
    <Filter Include="Resource Files\Shaders\GBuffer">
      <UniqueIdentifier>{569bd10a-b0a8-4ffb-85f8-e98263085c71}</UniqueIdentifier>
    </Filter>
    <Filter Include="Resource Files\Shaders\PostProcess">
      <UniqueIdentifier>{d89a6cbd-d723-497f-a99f-0f766707b31a}</UniqueIdentifier>
    </Filter>
    <Filter Include="Resource Files\Shaders\Debug">
      <UniqueIdentifier>{93f4560a-a201-423c-97a2-490d7a1696a9}</UniqueIdentifier>
    </Filter>
    <Filter Include="Header Files\UIHandler">
      <UniqueIdentifier>{651d093a-eb21-4d0d-8d9d-1e17162b5866}</UniqueIdentifier>
    </Filter>
    <Filter Include="Source Files\UIHandler">
      <UniqueIdentifier>{1ed5cf78-779b-480e-8f8b-142400b66aba}</UniqueIdentifier>
    </Filter>
    <Filter Include="Header Files\Animations">
      <UniqueIdentifier>{8e11fd77-89ee-4e17-ae2d-7d3b5733aab5}</UniqueIdentifier>
    </Filter>
    <Filter Include="Source Files\Animations">
      <UniqueIdentifier>{f6b8cfc2-0876-46f8-a24e-ac9cac0f89e1}</UniqueIdentifier>
    </Filter>
    <Filter Include="Header Files\Shaders">
      <UniqueIdentifier>{d33720ea-130b-4be9-aa07-412b941cc4b5}</UniqueIdentifier>
    </Filter>
    <Filter Include="Source Files\Shaders">
      <UniqueIdentifier>{eb269100-a0f1-43e1-b661-c735bf31ba23}</UniqueIdentifier>
    </Filter>
    <Filter Include="Resource Files\Shaders\Shadow">
      <UniqueIdentifier>{eb19a108-95d4-45c9-ba66-e82f560b5826}</UniqueIdentifier>
    </Filter>
    <Filter Include="DDSExport">
      <UniqueIdentifier>{c4421463-6ee6-42b3-be73-60325fbdd13a}</UniqueIdentifier>
    </Filter>
  </ItemGroup>
  <ItemGroup>
    <ClInclude Include="GraphicsHandler.h">
      <Filter>Header Files</Filter>
    </ClInclude>
    <ClInclude Include="Direct3DHandler.h">
      <Filter>Header Files</Filter>
    </ClInclude>
    <ClInclude Include="ScreenQuad.h">
      <Filter>Header Files</Filter>
    </ClInclude>
    <ClInclude Include="GraphicsComponent.h">
      <Filter>Header Files</Filter>
    </ClInclude>
    <ClInclude Include="ConstantBufferHandler.h">
      <Filter>Header Files</Filter>
    </ClInclude>
    <ClInclude Include="DebugRenderer.h">
      <Filter>Header Files</Filter>
    </ClInclude>
    <ClInclude Include="Camera.h">
      <Filter>Header Files</Filter>
    </ClInclude>
    <ClInclude Include="ShaderLib.h">
      <Filter>Header Files\Shaders</Filter>
    </ClInclude>
    <ClInclude Include="ShaderControl.h">
      <Filter>Header Files\Shaders</Filter>
    </ClInclude>
    <ClInclude Include="Shader.h">
      <Filter>Header Files\Shaders</Filter>
    </ClInclude>
    <ClInclude Include="PostProcessShader.h">
      <Filter>Header Files\Shaders</Filter>
    </ClInclude>
    <ClInclude Include="FinalShader.h">
      <Filter>Header Files\Shaders</Filter>
    </ClInclude>
    <ClInclude Include="DeferredShader.h">
      <Filter>Header Files\Shaders</Filter>
    </ClInclude>
    <ClInclude Include="AnimationHandler.h">
      <Filter>Header Files\Animations</Filter>
    </ClInclude>
    <ClInclude Include="stdafx.h">
      <Filter>Header Files</Filter>
    </ClInclude>
    <ClInclude Include="targetver.h">
      <Filter>Header Files</Filter>
    </ClInclude>
    <ClInclude Include="AnimationStateEnums.h">
      <Filter>Header Files\Animations</Filter>
    </ClInclude>
    <ClInclude Include="UIHandler.h">
      <Filter>Header Files\UIHandler</Filter>
    </ClInclude>
    <ClInclude Include="LightShader.h">
      <Filter>Header Files\Shaders</Filter>
    </ClInclude>
    <ClInclude Include="LightHandler.h">
      <Filter>Header Files</Filter>
    </ClInclude>
    <ClInclude Include="LightStructs.h">
      <Filter>Header Files</Filter>
    </ClInclude>
    <ClInclude Include="DirectXTex\DirectXTex.h">
      <Filter>DDSExport</Filter>
    </ClInclude>
    <ClInclude Include="DirectXTex\DirectXTexP.h">
      <Filter>DDSExport</Filter>
    </ClInclude>
    <ClInclude Include="DirectXTex\Filters.h">
      <Filter>DDSExport</Filter>
    </ClInclude>
    <ClInclude Include="DirectXTex\scoped.h">
      <Filter>DDSExport</Filter>
    </ClInclude>
    <ClInclude Include="DirectXTex\BC.h">
      <Filter>DDSExport</Filter>
    </ClInclude>
    <ClInclude Include="DirectXTex\BCDirectCompute.h">
      <Filter>DDSExport</Filter>
    </ClInclude>
    <ClInclude Include="DirectXTex\DDS.h">
      <Filter>DDSExport</Filter>
    </ClInclude>
  </ItemGroup>
  <ItemGroup>
    <ClCompile Include="GraphicsHandler.cpp">
      <Filter>Source Files</Filter>
    </ClCompile>
    <ClCompile Include="Direct3DHandler.cpp">
      <Filter>Source Files</Filter>
    </ClCompile>
    <ClCompile Include="ScreenQuad.cpp">
      <Filter>Source Files</Filter>
    </ClCompile>
    <ClCompile Include="ConstantBufferHandler.cpp">
      <Filter>Source Files</Filter>
    </ClCompile>
    <ClCompile Include="DebugRenderer.cpp">
      <Filter>Source Files</Filter>
    </ClCompile>
    <ClCompile Include="Camera.cpp">
      <Filter>Source Files</Filter>
    </ClCompile>
    <ClCompile Include="ShaderControl.cpp">
      <Filter>Source Files\Shaders</Filter>
    </ClCompile>
    <ClCompile Include="Shader.cpp">
      <Filter>Source Files\Shaders</Filter>
    </ClCompile>
    <ClCompile Include="PostProcessShader.cpp">
      <Filter>Source Files\Shaders</Filter>
    </ClCompile>
    <ClCompile Include="FinalShader.cpp">
      <Filter>Source Files\Shaders</Filter>
    </ClCompile>
    <ClCompile Include="DeferredShader.cpp">
      <Filter>Source Files\Shaders</Filter>
    </ClCompile>
    <ClCompile Include="AnimationHandler.cpp">
      <Filter>Source Files\Animations</Filter>
    </ClCompile>
    <ClCompile Include="UIHandler.cpp">
      <Filter>Source Files\UIHandler</Filter>
    </ClCompile>
    <ClCompile Include="LightHandler.cpp">
      <Filter>Source Files</Filter>
    </ClCompile>
    <ClCompile Include="DirectXTex\DirectXTexCompress.cpp">
      <Filter>DDSExport</Filter>
    </ClCompile>
    <ClCompile Include="DirectXTex\DirectXTexCompressGPU.cpp">
      <Filter>DDSExport</Filter>
    </ClCompile>
    <ClCompile Include="DirectXTex\DirectXTexConvert.cpp">
      <Filter>DDSExport</Filter>
    </ClCompile>
    <ClCompile Include="DirectXTex\DirectXTexD3D11.cpp">
      <Filter>DDSExport</Filter>
    </ClCompile>
    <ClCompile Include="DirectXTex\DirectXTexDDS.cpp">
      <Filter>DDSExport</Filter>
    </ClCompile>
    <ClCompile Include="DirectXTex\DirectXTexFlipRotate.cpp">
      <Filter>DDSExport</Filter>
    </ClCompile>
    <ClCompile Include="DirectXTex\DirectXTexHDR.cpp">
      <Filter>DDSExport</Filter>
    </ClCompile>
    <ClCompile Include="DirectXTex\DirectXTexImage.cpp">
      <Filter>DDSExport</Filter>
    </ClCompile>
    <ClCompile Include="DirectXTex\DirectXTexMipmaps.cpp">
      <Filter>DDSExport</Filter>
    </ClCompile>
    <ClCompile Include="DirectXTex\DirectXTexMisc.cpp">
      <Filter>DDSExport</Filter>
    </ClCompile>
    <ClCompile Include="DirectXTex\DirectXTexNormalMaps.cpp">
      <Filter>DDSExport</Filter>
    </ClCompile>
    <ClCompile Include="DirectXTex\DirectXTexPMAlpha.cpp">
      <Filter>DDSExport</Filter>
    </ClCompile>
    <ClCompile Include="DirectXTex\DirectXTexResize.cpp">
      <Filter>DDSExport</Filter>
    </ClCompile>
    <ClCompile Include="DirectXTex\DirectXTexTGA.cpp">
      <Filter>DDSExport</Filter>
    </ClCompile>
    <ClCompile Include="DirectXTex\DirectXTexUtil.cpp">
      <Filter>DDSExport</Filter>
    </ClCompile>
    <ClCompile Include="DirectXTex\DirectXTexWIC.cpp">
      <Filter>DDSExport</Filter>
    </ClCompile>
    <ClCompile Include="DirectXTex\BC.cpp">
      <Filter>DDSExport</Filter>
    </ClCompile>
    <ClCompile Include="DirectXTex\BC4BC5.cpp">
      <Filter>DDSExport</Filter>
    </ClCompile>
    <ClCompile Include="DirectXTex\BC6HBC7.cpp">
      <Filter>DDSExport</Filter>
    </ClCompile>
    <ClCompile Include="DirectXTex\BCDirectCompute.cpp">
      <Filter>DDSExport</Filter>
    </ClCompile>
  </ItemGroup>
  <ItemGroup>
    <FxCompile Include="Shaders\GBuffer\GridPS.hlsl">
      <Filter>Resource Files\Shaders\GBuffer</Filter>
    </FxCompile>
    <FxCompile Include="Shaders\GBuffer\GBufferVS.hlsl">
      <Filter>Resource Files\Shaders\GBuffer</Filter>
    </FxCompile>
    <FxCompile Include="Shaders\GBuffer\GBuffer.hlsl">
      <Filter>Resource Files\Shaders\GBuffer</Filter>
    </FxCompile>
    <FxCompile Include="Shaders\PBR\PbrLightVS.hlsl">
      <Filter>Resource Files\Shaders\PBR</Filter>
    </FxCompile>
    <FxCompile Include="Shaders\PBR\PbrLightPass.hlsl">
      <Filter>Resource Files\Shaders\PBR</Filter>
    </FxCompile>
    <FxCompile Include="Shaders\GBuffer\AnimVS.hlsl">
      <Filter>Resource Files\Shaders\GBuffer</Filter>
    </FxCompile>
    <FxCompile Include="Shaders\PostProcess\RayTrace_BoundingBox.hlsl">
      <Filter>Resource Files\Shaders\PostProcess</Filter>
    </FxCompile>
    <FxCompile Include="Shaders\Debug\DebugVS.hlsl">
      <Filter>Resource Files\Shaders\Debug</Filter>
    </FxCompile>
    <FxCompile Include="Shaders\Debug\DebugPS.hlsl">
      <Filter>Resource Files\Shaders\Debug</Filter>
    </FxCompile>
    <FxCompile Include="Shaders\GBuffer\GBufferVS_Instanced.hlsl">
      <Filter>Resource Files\Shaders\GBuffer</Filter>
    </FxCompile>
    <FxCompile Include="Shaders\Shadow\ShadowShader.hlsl">
      <Filter>Resource Files\Shaders\Shadow</Filter>
    </FxCompile>
    <FxCompile Include="Shaders\Shadow\ShadowShader_Instanced.hlsl">
      <Filter>Resource Files\Shaders\Shadow</Filter>
    </FxCompile>
    <FxCompile Include="Shaders\Shadow\ShadowShader_Animation.hlsl">
      <Filter>Resource Files\Shaders\Shadow</Filter>
    </FxCompile>
  </ItemGroup>
  <ItemGroup>
    <None Include="packages.config" />
    <None Include="DirectXTex\DirectXTex.inl">
      <Filter>DDSExport</Filter>
    </None>
  </ItemGroup>
</Project>